# This file is autogenerated, do not edit; changes may be undone by the next 'dep ensure'.


[[projects]]
  branch = "master"
  name = "github.com/BurntSushi/xdg"
  packages = ["."]
  revision = "e80d3446fea190e21fbd294569844f066e47ccfc"

[[projects]]
  branch = "master"
  name = "github.com/benburwell/gohue"
  packages = ["."]
  revision = "32d8e201749f37fda7607408ae3d89d58ebf685f"

[[projects]]
  branch = "master"
  name = "github.com/cpucycle/astrotime"
  packages = ["."]
  revision = "9c7d514efdb561775030eaf8f1a9ae6bddb3a2ca"

[[projects]]
  name = "gopkg.in/yaml.v2"
  packages = ["."]
  revision = "5420a8b6744d3b0345ab293f6fcba19c978f1183"
  version = "v2.2.1"

[solve-meta]
  analyzer-name = "dep"
  analyzer-version = 1
  inputs-digest = "d7cbfc07efbdc0c9b3298cca418fdd355c483aed694c6c7c2c9756386ea74585"
  solver-name = "gps-cdcl"
  solver-version = 1
